
Microsoft Visual Studio Solution File, Format Version 12.00
# Visual Studio 2013
VisualStudioVersion = 12.0.31101.0
MinimumVisualStudioVersion = 10.0.40219.1
Project("{FAE04EC0-301F-11D3-BF4B-00C04F79EFBC}") = "Maths", "Maths\Maths.csproj", "{127F5C5A-F23E-44E1-B304-92062FCA2527}"
EndProject
Project("{FAE04EC0-301F-11D3-BF4B-00C04F79EFBC}") = "ConsoleApplication", "ConsoleApplication\ConsoleApplication.csproj", "{B481A272-4ED2-4CC0-9560-326C72EBC63D}"
EndProject
Project("{FAE04EC0-301F-11D3-BF4B-00C04F79EFBC}") = "MathsTest", "MathsTest\MathsTest.csproj", "{10E5FCE1-514D-4BC5-B754-CC1C6D12AEC4}"
EndProject
Project("{FAE04EC0-301F-11D3-BF4B-00C04F79EFBC}") = "MathsGUI", "MathsGUI\MathsGUI.csproj", "{870A4825-12B7-4376-B6B1-EC0F5EC3E6F1}"
EndProject
Global
	GlobalSection(SolutionConfigurationPlatforms) = preSolution
		Debug|Any CPU = Debug|Any CPU
		Debug|Mixed Platforms = Debug|Mixed Platforms
		Debug|Win32 = Debug|Win32
		Debug|x86 = Debug|x86
		Release|Any CPU = Release|Any CPU
		Release|Mixed Platforms = Release|Mixed Platforms
		Release|Win32 = Release|Win32
		Release|x86 = Release|x86
	EndGlobalSection
	GlobalSection(ProjectConfigurationPlatforms) = postSolution
		{127F5C5A-F23E-44E1-B304-92062FCA2527}.Debug|Any CPU.ActiveCfg = Debug|Any CPU
		{127F5C5A-F23E-44E1-B304-92062FCA2527}.Debug|Any CPU.Build.0 = Debug|Any CPU
		{127F5C5A-F23E-44E1-B304-92062FCA2527}.Debug|Mixed Platforms.ActiveCfg = Debug|Any CPU
		{127F5C5A-F23E-44E1-B304-92062FCA2527}.Debug|Mixed Platforms.Build.0 = Debug|Any CPU
		{127F5C5A-F23E-44E1-B304-92062FCA2527}.Debug|Win32.ActiveCfg = Debug|Any CPU
		{127F5C5A-F23E-44E1-B304-92062FCA2527}.Debug|x86.ActiveCfg = Debug|Any CPU
		{127F5C5A-F23E-44E1-B304-92062FCA2527}.Release|Any CPU.ActiveCfg = Release|Any CPU
		{127F5C5A-F23E-44E1-B304-92062FCA2527}.Release|Any CPU.Build.0 = Release|Any CPU
		{127F5C5A-F23E-44E1-B304-92062FCA2527}.Release|Mixed Platforms.ActiveCfg = Release|Any CPU
		{127F5C5A-F23E-44E1-B304-92062FCA2527}.Release|Mixed Platforms.Build.0 = Release|Any CPU
		{127F5C5A-F23E-44E1-B304-92062FCA2527}.Release|Win32.ActiveCfg = Release|Any CPU
		{127F5C5A-F23E-44E1-B304-92062FCA2527}.Release|x86.ActiveCfg = Release|Any CPU
		{B481A272-4ED2-4CC0-9560-326C72EBC63D}.Debug|Any CPU.ActiveCfg = Debug|Any CPU
		{B481A272-4ED2-4CC0-9560-326C72EBC63D}.Debug|Any CPU.Build.0 = Debug|Any CPU
		{B481A272-4ED2-4CC0-9560-326C72EBC63D}.Debug|Mixed Platforms.ActiveCfg = Debug|Any CPU
		{B481A272-4ED2-4CC0-9560-326C72EBC63D}.Debug|Mixed Platforms.Build.0 = Debug|Any CPU
		{B481A272-4ED2-4CC0-9560-326C72EBC63D}.Debug|Win32.ActiveCfg = Debug|Any CPU
		{B481A272-4ED2-4CC0-9560-326C72EBC63D}.Debug|x86.ActiveCfg = Debug|Any CPU
		{B481A272-4ED2-4CC0-9560-326C72EBC63D}.Release|Any CPU.ActiveCfg = Release|Any CPU
		{B481A272-4ED2-4CC0-9560-326C72EBC63D}.Release|Any CPU.Build.0 = Release|Any CPU
		{B481A272-4ED2-4CC0-9560-326C72EBC63D}.Release|Mixed Platforms.ActiveCfg = Release|Any CPU
		{B481A272-4ED2-4CC0-9560-326C72EBC63D}.Release|Mixed Platforms.Build.0 = Release|Any CPU
		{B481A272-4ED2-4CC0-9560-326C72EBC63D}.Release|Win32.ActiveCfg = Release|Any CPU
		{B481A272-4ED2-4CC0-9560-326C72EBC63D}.Release|x86.ActiveCfg = Release|Any CPU
		{10E5FCE1-514D-4BC5-B754-CC1C6D12AEC4}.Debug|Any CPU.ActiveCfg = Debug|Any CPU
		{10E5FCE1-514D-4BC5-B754-CC1C6D12AEC4}.Debug|Any CPU.Build.0 = Debug|Any CPU
		{10E5FCE1-514D-4BC5-B754-CC1C6D12AEC4}.Debug|Mixed Platforms.ActiveCfg = Debug|Any CPU
		{10E5FCE1-514D-4BC5-B754-CC1C6D12AEC4}.Debug|Mixed Platforms.Build.0 = Debug|Any CPU
		{10E5FCE1-514D-4BC5-B754-CC1C6D12AEC4}.Debug|Win32.ActiveCfg = Debug|Any CPU
		{10E5FCE1-514D-4BC5-B754-CC1C6D12AEC4}.Debug|x86.ActiveCfg = Debug|Any CPU
		{10E5FCE1-514D-4BC5-B754-CC1C6D12AEC4}.Release|Any CPU.ActiveCfg = Release|Any CPU
		{10E5FCE1-514D-4BC5-B754-CC1C6D12AEC4}.Release|Any CPU.Build.0 = Release|Any CPU
		{10E5FCE1-514D-4BC5-B754-CC1C6D12AEC4}.Release|Mixed Platforms.ActiveCfg = Release|Any CPU
		{10E5FCE1-514D-4BC5-B754-CC1C6D12AEC4}.Release|Mixed Platforms.Build.0 = Release|Any CPU
		{10E5FCE1-514D-4BC5-B754-CC1C6D12AEC4}.Release|Win32.ActiveCfg = Release|Any CPU
		{10E5FCE1-514D-4BC5-B754-CC1C6D12AEC4}.Release|x86.ActiveCfg = Release|Any CPU
		{870A4825-12B7-4376-B6B1-EC0F5EC3E6F1}.Debug|Any CPU.ActiveCfg = Debug|Any CPU
		{870A4825-12B7-4376-B6B1-EC0F5EC3E6F1}.Debug|Any CPU.Build.0 = Debug|Any CPU
		{870A4825-12B7-4376-B6B1-EC0F5EC3E6F1}.Debug|Mixed Platforms.ActiveCfg = Debug|Any CPU
		{870A4825-12B7-4376-B6B1-EC0F5EC3E6F1}.Debug|Mixed Platforms.Build.0 = Debug|Any CPU
		{870A4825-12B7-4376-B6B1-EC0F5EC3E6F1}.Debug|Win32.ActiveCfg = Debug|Any CPU
		{870A4825-12B7-4376-B6B1-EC0F5EC3E6F1}.Debug|x86.ActiveCfg = Debug|Any CPU
		{870A4825-12B7-4376-B6B1-EC0F5EC3E6F1}.Release|Any CPU.ActiveCfg = Release|Any CPU
		{870A4825-12B7-4376-B6B1-EC0F5EC3E6F1}.Release|Any CPU.Build.0 = Release|Any CPU
		{870A4825-12B7-4376-B6B1-EC0F5EC3E6F1}.Release|Mixed Platforms.ActiveCfg = Release|Any CPU
		{870A4825-12B7-4376-B6B1-EC0F5EC3E6F1}.Release|Mixed Platforms.Build.0 = Release|Any CPU
		{870A4825-12B7-4376-B6B1-EC0F5EC3E6F1}.Release|Win32.ActiveCfg = Release|Any CPU
		{870A4825-12B7-4376-B6B1-EC0F5EC3E6F1}.Release|x86.ActiveCfg = Release|Any CPU
	EndGlobalSection
	GlobalSection(SolutionProperties) = preSolution
		HideSolutionNode = FALSE
	EndGlobalSection
EndGlobal
