
Microsoft Visual Studio Solution File, Format Version 12.00
# Visual Studio 2013
VisualStudioVersion = 12.0.31101.0
MinimumVisualStudioVersion = 10.0.40219.1
Project("{FAE04EC0-301F-11D3-BF4B-00C04F79EFBC}") = "Maths", "Maths\Maths.csproj", "{127F5C5A-F23E-44E1-B304-92062FCA2527}"
EndProject
Project("{FAE04EC0-301F-11D3-BF4B-00C04F79EFBC}") = "ConsoleApplication", "ConsoleApplication\ConsoleApplication.csproj", "{B481A272-4ED2-4CC0-9560-326C72EBC63D}"
EndProject
Project("{FAE04EC0-301F-11D3-BF4B-00C04F79EFBC}") = "MathsTest", "MathsTest\MathsTest.csproj", "{10E5FCE1-514D-4BC5-B754-CC1C6D12AEC4}"
EndProject
Global
	GlobalSection(SolutionConfigurationPlatforms) = preSolution
		Debug|Any CPU = Debug|Any CPU
		Release|Any CPU = Release|Any CPU
	EndGlobalSection
	GlobalSection(ProjectConfigurationPlatforms) = postSolution
		{127F5C5A-F23E-44E1-B304-92062FCA2527}.Debug|Any CPU.ActiveCfg = Debug|Any CPU
		{127F5C5A-F23E-44E1-B304-92062FCA2527}.Debug|Any CPU.Build.0 = Debug|Any CPU
		{127F5C5A-F23E-44E1-B304-92062FCA2527}.Release|Any CPU.ActiveCfg = Release|Any CPU
		{127F5C5A-F23E-44E1-B304-92062FCA2527}.Release|Any CPU.Build.0 = Release|Any CPU
		{B481A272-4ED2-4CC0-9560-326C72EBC63D}.Debug|Any CPU.ActiveCfg = Debug|Any CPU
		{B481A272-4ED2-4CC0-9560-326C72EBC63D}.Debug|Any CPU.Build.0 = Debug|Any CPU
		{B481A272-4ED2-4CC0-9560-326C72EBC63D}.Release|Any CPU.ActiveCfg = Release|Any CPU
		{B481A272-4ED2-4CC0-9560-326C72EBC63D}.Release|Any CPU.Build.0 = Release|Any CPU
		{10E5FCE1-514D-4BC5-B754-CC1C6D12AEC4}.Debug|Any CPU.ActiveCfg = Debug|Any CPU
		{10E5FCE1-514D-4BC5-B754-CC1C6D12AEC4}.Debug|Any CPU.Build.0 = Debug|Any CPU
		{10E5FCE1-514D-4BC5-B754-CC1C6D12AEC4}.Release|Any CPU.ActiveCfg = Release|Any CPU
		{10E5FCE1-514D-4BC5-B754-CC1C6D12AEC4}.Release|Any CPU.Build.0 = Release|Any CPU
	EndGlobalSection
	GlobalSection(SolutionProperties) = preSolution
		HideSolutionNode = FALSE
	EndGlobalSection
EndGlobal
